
Microsoft Visual Studio Solution File, Format Version 12.00
# Visual Studio Version 16
VisualStudioVersion = 16.0.30114.105
MinimumVisualStudioVersion = 10.0.40219.1
Project("{2150E333-8FDC-42A3-9474-1A3956D46DE8}") = "src", "src", "{D8349601-2EF5-4DC2-B1FC-62D51044280C}"
EndProject
Project("{FAE04EC0-301F-11D3-BF4B-00C04F79EFBC}") = "PSR.WebApi", "src\PSR.WebApi\PSR.WebApi.csproj", "{075604CB-ADB7-4F1D-85F5-3C9B4103B6D0}"
EndProject
Global
	GlobalSection(SolutionConfigurationPlatforms) = preSolution
		Debug|Any CPU = Debug|Any CPU
		Release|Any CPU = Release|Any CPU
	EndGlobalSection
	GlobalSection(SolutionProperties) = preSolution
		HideSolutionNode = FALSE
	EndGlobalSection
	GlobalSection(ProjectConfigurationPlatforms) = postSolution
		{075604CB-ADB7-4F1D-85F5-3C9B4103B6D0}.Debug|Any CPU.ActiveCfg = Debug|Any CPU
		{075604CB-ADB7-4F1D-85F5-3C9B4103B6D0}.Debug|Any CPU.Build.0 = Debug|Any CPU
		{075604CB-ADB7-4F1D-85F5-3C9B4103B6D0}.Release|Any CPU.ActiveCfg = Release|Any CPU
		{075604CB-ADB7-4F1D-85F5-3C9B4103B6D0}.Release|Any CPU.Build.0 = Release|Any CPU
	EndGlobalSection
	GlobalSection(NestedProjects) = preSolution
		{075604CB-ADB7-4F1D-85F5-3C9B4103B6D0} = {D8349601-2EF5-4DC2-B1FC-62D51044280C}
	EndGlobalSection
EndGlobal
